{
  "name": "workflow-playground",
  "version": "1.0.0",
  "lockfileVersion": 1,
  "requires": true,
  "dependencies": {
    "@actions/core": {
      "version": "1.6.0",
      "resolved": "https://registry.npmmirror.com/@actions/core/download/@actions/core-1.6.0.tgz",
      "integrity": "sha1-BWjkcDm/tqkXA5OnPzt+s7IkYss=",
      "requires": {
        "@actions/http-client": "1.0.11"
      }
    },
    "@actions/github": {
      "version": "5.0.0",
      "resolved": "https://registry.nlark.com/@actions/github/download/@actions/github-5.0.0.tgz",
      "integrity": "sha1-F1QSeXbFC9iLLpBfENIE120Ucvg=",
      "requires": {
        "@actions/http-client": "1.0.11",
        "@octokit/core": "3.5.1",
        "@octokit/plugin-paginate-rest": "2.16.5",
        "@octokit/plugin-rest-endpoint-methods": "5.11.3"
      }
    },
    "@actions/http-client": {
      "version": "1.0.11",
      "resolved": "https://registry.nlark.com/@actions/http-client/download/@actions/http-client-1.0.11.tgz",
      "integrity": "sha1-xYsS6aqLFZ7jnn3Wy9DpHZBWM8A=",
      "requires": {
        "tunnel": "0.0.6"
      }
    },
    "@octokit/auth-token": {
      "version": "2.5.0",
      "resolved": "https://registry.nlark.com/@octokit/auth-token/download/@octokit/auth-token-2.5.0.tgz",
      "integrity": "sha1-J8N+omwgXyhENAJHf/0mExHyHjY=",
      "requires": {
        "@octokit/types": "6.31.1"
      }
    },
    "@octokit/core": {
      "version": "3.5.1",
      "resolved": "https://registry.nlark.com/@octokit/core/download/@octokit/core-3.5.1.tgz",
      "integrity": "sha1-hgHO6x7A4bG4IXuWCkE+2OlHgJs=",
      "requires": {
        "@octokit/auth-token": "2.5.0",
        "@octokit/graphql": "4.8.0",
        "@octokit/request": "5.6.1",
        "@octokit/request-error": "2.1.0",
        "@octokit/types": "6.31.1",
        "before-after-hook": "2.2.2",
        "universal-user-agent": "6.0.0"
      }
    },
    "@octokit/endpoint": {
      "version": "6.0.12",
      "resolved": "https://registry.nlark.com/@octokit/endpoint/download/@octokit/endpoint-6.0.12.tgz",
      "integrity": "sha1-O01HpLDnmxAn+4111CIZKLLQVlg=",
      "requires": {
        "@octokit/types": "6.31.1",
        "is-plain-object": "5.0.0",
        "universal-user-agent": "6.0.0"
      }
    },
    "@octokit/graphql": {
      "version": "4.8.0",
      "resolved": "https://registry.nlark.com/@octokit/graphql/download/@octokit/graphql-4.8.0.tgz",
      "integrity": "sha1-Zk2bEcDhIRLL944Q9JoFlZqiLMM=",
      "requires": {
        "@octokit/request": "5.6.1",
        "@octokit/types": "6.31.1",
        "universal-user-agent": "6.0.0"
      }
    },
    "@octokit/openapi-types": {
      "version": "10.6.1",
      "resolved": "https://registry.npmmirror.com/@octokit/openapi-types/download/@octokit/openapi-types-10.6.1.tgz",
      "integrity": "sha1-TrMD59pN49FyFtuA475jCfA7n8w="
    },
    "@octokit/plugin-paginate-rest": {
      "version": "2.16.5",
      "resolved": "https://registry.npmmirror.com/@octokit/plugin-paginate-rest/download/@octokit/plugin-paginate-rest-2.16.5.tgz",
      "integrity": "sha1-TYCYQQ9MRpfTOXnwbzjS7SV0rfE=",
      "requires": {
        "@octokit/types": "6.31.1"
      }
    },
    "@octokit/plugin-rest-endpoint-methods": {
      "version": "5.11.3",
      "resolved": "https://registry.npmmirror.com/@octokit/plugin-rest-endpoint-methods/download/@octokit/plugin-rest-endpoint-methods-5.11.3.tgz",
      "integrity": "sha1-07Afr7SmS/faTjhS+WnLZSk+eK4=",
      "requires": {
        "@octokit/types": "6.31.1",
        "deprecation": "2.3.1"
      }
    },
    "@octokit/request": {
      "version": "5.6.1",
      "resolved": "https://registry.nlark.com/@octokit/request/download/@octokit/request-5.6.1.tgz",
      "integrity": "sha1-+Xr/B1w3qx1CfEkIL+/u8Nui2M4=",
      "requires": {
        "@octokit/endpoint": "6.0.12",
        "@octokit/request-error": "2.1.0",
        "@octokit/types": "6.31.1",
        "is-plain-object": "5.0.0",
        "node-fetch": "2.6.5",
        "universal-user-agent": "6.0.0"
      }
    },
    "@octokit/request-error": {
      "version": "2.1.0",
      "resolved": "https://registry.nlark.com/@octokit/request-error/download/@octokit/request-error-2.1.0.tgz",
      "integrity": "sha1-nhUDV4Mb/HiNE6T9SxkT1gx01nc=",
      "requires": {
        "@octokit/types": "6.31.1",
        "deprecation": "2.3.1",
        "once": "1.4.0"
      }
    },
    "@octokit/types": {
      "version": "6.31.1",
      "resolved": "https://registry.npmmirror.com/@octokit/types/download/@octokit/types-6.31.1.tgz",
      "integrity": "sha1-Ij0GJ3i7YSFjWgItO/VF1Qb8yIA=",
      "requires": {
        "@octokit/openapi-types": "10.6.1"
      }
    },
    "before-after-hook": {
      "version": "2.2.2",
      "resolved": "https://registry.nlark.com/before-after-hook/download/before-after-hook-2.2.2.tgz",
      "integrity": "sha1-pujKQQKNkO4sJCIvIByQlWCRYT4="
    },
    "deprecation": {
      "version": "2.3.1",
      "resolved": "https://registry.npm.taobao.org/deprecation/download/deprecation-2.3.1.tgz",
      "integrity": "sha1-Y2jL20Cr8zc7UlrIfkomDDpwCRk="
    },
    "is-plain-object": {
      "version": "5.0.0",
      "resolved": "https://registry.npm.taobao.org/is-plain-object/download/is-plain-object-5.0.0.tgz?cache=0&sync_timestamp=1599667279942&other_urls=https%3A%2F%2Fregistry.npm.taobao.org%2Fis-plain-object%2Fdownload%2Fis-plain-object-5.0.0.tgz",
      "integrity": "sha1-RCf1CrNCnpAl6n1S6QQ6nvQVk0Q="
    },
    "node-fetch": {
      "version": "2.6.5",
      "resolved": "https://registry.npmmirror.com/node-fetch/download/node-fetch-2.6.5.tgz",
      "integrity": "sha1-QnNVN9fwgKfl94tsVJtxRr4XQv0=",
      "requires": {
        "whatwg-url": "5.0.0"
      }
    },
    "once": {
      "version": "1.4.0",
      "resolved": "https://registry.npm.taobao.org/once/download/once-1.4.0.tgz",
      "integrity": "sha1-WDsap3WWHUsROsF9nFC6753Xa9E=",
      "requires": {
        "wrappy": "1.0.2"
      }
    },
    "tr46": {
      "version": "0.0.3",
      "resolved": "https://registry.nlark.com/tr46/download/tr46-0.0.3.tgz?cache=0&sync_timestamp=1621680742351&other_urls=https%3A%2F%2Fregistry.nlark.com%2Ftr46%2Fdownload%2Ftr46-0.0.3.tgz",
      "integrity": "sha1-gYT9NH2snNwYWZLzpmIuFLnZq2o="
    },
    "tunnel": {
      "version": "0.0.6",
      "resolved": "https://registry.npm.taobao.org/tunnel/download/tunnel-0.0.6.tgz",
      "integrity": "sha1-cvExSzSlsZLbASMk3yzFh8pH+Sw="
    },
    "universal-user-agent": {
      "version": "6.0.0",
      "resolved": "https://registry.npmmirror.com/universal-user-agent/download/universal-user-agent-6.0.0.tgz",
      "integrity": "sha1-M4H4UDslHA2c0hvB3pOeyd9UgO4="
    },
    "webidl-conversions": {
      "version": "3.0.1",
      "resolved": "https://registry.nlark.com/webidl-conversions/download/webidl-conversions-3.0.1.tgz",
      "integrity": "sha1-JFNCdeKnvGvnvIZhHMFq4KVlSHE="
    },
    "whatwg-url": {
      "version": "5.0.0",
      "resolved": "https://registry.nlark.com/whatwg-url/download/whatwg-url-5.0.0.tgz?cache=0&sync_timestamp=1628179428978&other_urls=https%3A%2F%2Fregistry.nlark.com%2Fwhatwg-url%2Fdownload%2Fwhatwg-url-5.0.0.tgz",
      "integrity": "sha1-lmRU6HZUYuN2RNNib2dCzotwll0=",
      "requires": {
        "tr46": "0.0.3",
        "webidl-conversions": "3.0.1"
      }
    },
    "wrappy": {
      "version": "1.0.2",
      "resolved": "https://registry.nlark.com/wrappy/download/wrappy-1.0.2.tgz?cache=0&sync_timestamp=1619133505879&other_urls=https%3A%2F%2Fregistry.nlark.com%2Fwrappy%2Fdownload%2Fwrappy-1.0.2.tgz",
      "integrity": "sha1-tSQ9jz7BqjXxNkYFvA0QNuMKtp8="
    }
  }
}
